{
    "_readme": [
        "This file locks the dependencies of your project to a known state",
        "Read more about it at https://getcomposer.org/doc/01-basic-usage.md#composer-lock-the-lock-file",
        "This file is @generated automatically"
    ],
    "content-hash": "104b900a7e80678b53e486c499461e13",
    "packages": [
        {
            "name": "tan-tan-kanarek/github-php-client",
            "version": "1.0.0",
            "source": {
                "type": "git",
                "url": "https://github.com/tan-tan-kanarek/github-php-client.git",
                "reference": "9103c68507b7eba0a51b13dc499838e2cf83cdfb"
            },
            "dist": {
                "type": "zip",
                "url": "https://api.github.com/repos/tan-tan-kanarek/github-php-client/zipball/9103c68507b7eba0a51b13dc499838e2cf83cdfb",
                "reference": "9103c68507b7eba0a51b13dc499838e2cf83cdfb",
                "shasum": ""
            },
            "type": "library",
            "autoload": {
                "classmap": [
                    "client/"
                ]
            },
            "notification-url": "https://packagist.org/downloads/",
            "license": [
                "proprietary"
            ],
            "description": "PHP client for the Github API",
            "time": "2015-11-16T08:36:41+00:00"
        }
    ],
    "packages-dev": [],
    "aliases": [],
    "minimum-stability": "stable",
    "stability-flags": [],
    "prefer-stable": false,
    "prefer-lowest": false,
    "platform": {
        "php": ">=7.0"
    },
    "platform-dev": []
}
